PODS:
  - Alamofire (5.4.1)
  - ok-ios-sdk (2.0.14)
  - VK-ios-sdk (1.6.2)

DEPENDENCIES:
  - Alamofire (~> 5.2)
  - ok-ios-sdk
  - VK-ios-sdk

SPEC REPOS:
  trunk:
    - Alamofire
    - ok-ios-sdk
    - VK-ios-sdk

SPEC CHECKSUMS:
  Alamofire: 2291f7d21ca607c491dd17642e5d40fdcda0e65c
  ok-ios-sdk: 30c84b4026386f21f21a3f956e1bd51fa5540b7d
  VK-ios-sdk: 5bcf00a2014a7323f98db9328b603d4f96635caa

PODFILE CHECKSUM: 3a7340e0516c552d00d44f15e8293755d9017cb8

COCOAPODS: 1.10.0
