PODS:
  - SwiftyVK (3.4.2)
  - VK-ios-sdk (1.6.2)

DEPENDENCIES:
  - SwiftyVK
  - VK-ios-sdk

SPEC REPOS:
  trunk:
    - SwiftyVK
    - VK-ios-sdk

SPEC CHECKSUMS:
  SwiftyVK: 5005dac6e85f7b0fd44e21ed2f021a397dff4cab
  VK-ios-sdk: 5bcf00a2014a7323f98db9328b603d4f96635caa

PODFILE CHECKSUM: 3e61b0ba7f2f1fa8259f4623a9ddfce868b5e35e

COCOAPODS: 1.10.0
