// !$*UTF8*$!
{
	archiveVersion = 1;
	classes = {
	};
	objectVersion = 51;
	objects = {

/* Begin PBXBuildFile section */
		3FB63F697F2DFD935D3A4DC0 /* Pods_Harmony.framework in Frameworks */ = {isa = PBXBuildFile; fileRef = 9BA964EE92A25094FD1F159E /* Pods_Harmony.framework */; };
		521A04EC25C73570007F86A0 /* AppDelegate.swift in Sources */ = {isa = PBXBuildFile; fileRef = 521A04EB25C73570007F86A0 /* AppDelegate.swift */; };
		521A04EE25C73570007F86A0 /* SceneDelegate.swift in Sources */ = {isa = PBXBuildFile; fileRef = 521A04ED25C73570007F86A0 /* SceneDelegate.swift */; };
		521A04F325C73570007F86A0 /* Main.storyboard in Resources */ = {isa = PBXBuildFile; fileRef = 521A04F125C73570007F86A0 /* Main.storyboard */; };
		521A04F525C73573007F86A0 /* Assets.xcassets in Resources */ = {isa = PBXBuildFile; fileRef = 521A04F425C73573007F86A0 /* Assets.xcassets */; };
		521A04F825C73573007F86A0 /* LaunchScreen.storyboard in Resources */ = {isa = PBXBuildFile; fileRef = 521A04F625C73573007F86A0 /* LaunchScreen.storyboard */; };
		521A050225C73588007F86A0 /* AppCoordinator.swift in Sources */ = {isa = PBXBuildFile; fileRef = 521A050125C73588007F86A0 /* AppCoordinator.swift */; };
		521A050C25C73673007F86A0 /* UIViewController+Ext.swift in Sources */ = {isa = PBXBuildFile; fileRef = 521A050B25C73673007F86A0 /* UIViewController+Ext.swift */; };
		521A051025C73FDB007F86A0 /* ProfileViewController.swift in Sources */ = {isa = PBXBuildFile; fileRef = 521A050F25C73FDB007F86A0 /* ProfileViewController.swift */; };
		521A051325C73FE9007F86A0 /* FriendsViewController.swift in Sources */ = {isa = PBXBuildFile; fileRef = 521A051225C73FE9007F86A0 /* FriendsViewController.swift */; };
		521A051625C73FF4007F86A0 /* GroupsViewController.swift in Sources */ = {isa = PBXBuildFile; fileRef = 521A051525C73FF4007F86A0 /* GroupsViewController.swift */; };
		521A051925C73FFC007F86A0 /* MusicViewController.swift in Sources */ = {isa = PBXBuildFile; fileRef = 521A051825C73FFC007F86A0 /* MusicViewController.swift */; };
		521A051C25C741AC007F86A0 /* ProfileCoordinator.swift in Sources */ = {isa = PBXBuildFile; fileRef = 521A051B25C741AC007F86A0 /* ProfileCoordinator.swift */; };
		521A051F25C741FF007F86A0 /* FriendsCoordinator.swift in Sources */ = {isa = PBXBuildFile; fileRef = 521A051E25C741FF007F86A0 /* FriendsCoordinator.swift */; };
		521A052225C74210007F86A0 /* GroupCoordinator.swift in Sources */ = {isa = PBXBuildFile; fileRef = 521A052125C74210007F86A0 /* GroupCoordinator.swift */; };
		521A052525C7421F007F86A0 /* MusicCoordinator.swift in Sources */ = {isa = PBXBuildFile; fileRef = 521A052425C7421F007F86A0 /* MusicCoordinator.swift */; };
		521A052825C750D6007F86A0 /* MainTabBarController.swift in Sources */ = {isa = PBXBuildFile; fileRef = 521A052725C750D6007F86A0 /* MainTabBarController.swift */; };
		521A052C25C757C2007F86A0 /* ProfileViewModel.swift in Sources */ = {isa = PBXBuildFile; fileRef = 521A052B25C757C2007F86A0 /* ProfileViewModel.swift */; };
		521A053025C757CC007F86A0 /* FriendsViewModel.swift in Sources */ = {isa = PBXBuildFile; fileRef = 521A052F25C757CC007F86A0 /* FriendsViewModel.swift */; };
		521A053325C757D7007F86A0 /* GroupViewModel.swift in Sources */ = {isa = PBXBuildFile; fileRef = 521A053225C757D7007F86A0 /* GroupViewModel.swift */; };
		521A053625C757DF007F86A0 /* MusicViewModel.swift in Sources */ = {isa = PBXBuildFile; fileRef = 521A053525C757DF007F86A0 /* MusicViewModel.swift */; };
		521A053D25C81249007F86A0 /* LoginViewController.swift in Sources */ = {isa = PBXBuildFile; fileRef = 521A053C25C81249007F86A0 /* LoginViewController.swift */; };
		521A054125C8125C007F86A0 /* RegistrationViewController.swift in Sources */ = {isa = PBXBuildFile; fileRef = 521A054025C8125C007F86A0 /* RegistrationViewController.swift */; };
		521A054425C818F4007F86A0 /* TabBar+Ext.swift in Sources */ = {isa = PBXBuildFile; fileRef = 521A054325C818F4007F86A0 /* TabBar+Ext.swift */; };
		521A054725C85179007F86A0 /* Colors+Ext.swift in Sources */ = {isa = PBXBuildFile; fileRef = 521A054625C85179007F86A0 /* Colors+Ext.swift */; };
		521A055F25C9E892007F86A0 /* LoginButtonStyle.swift in Sources */ = {isa = PBXBuildFile; fileRef = 521A055E25C9E892007F86A0 /* LoginButtonStyle.swift */; };
		521A056225C9E95A007F86A0 /* LoginCoordinator.swift in Sources */ = {isa = PBXBuildFile; fileRef = 521A056125C9E95A007F86A0 /* LoginCoordinator.swift */; };
		521A056825C9F674007F86A0 /* LoginTextFieldStyle.swift in Sources */ = {isa = PBXBuildFile; fileRef = 521A056725C9F674007F86A0 /* LoginTextFieldStyle.swift */; };
		5234BAA725CC166100561E86 /* LoginViewModel.swift in Sources */ = {isa = PBXBuildFile; fileRef = 5234BAA625CC166100561E86 /* LoginViewModel.swift */; };
		5234BAAA25CC173300561E86 /* RegisterCoordinator.swift in Sources */ = {isa = PBXBuildFile; fileRef = 5234BAA925CC173300561E86 /* RegisterCoordinator.swift */; };
		5234BAAD25CC229600561E86 /* ServicesViewController.swift in Sources */ = {isa = PBXBuildFile; fileRef = 5234BAAC25CC229600561E86 /* ServicesViewController.swift */; };
		5234BAB225CC22C300561E86 /* ServicesCoordinator.swift in Sources */ = {isa = PBXBuildFile; fileRef = 5234BAB125CC22C300561E86 /* ServicesCoordinator.swift */; };
		5234BAB525CC22E900561E86 /* RegisterViewModel.swift in Sources */ = {isa = PBXBuildFile; fileRef = 5234BAB425CC22E900561E86 /* RegisterViewModel.swift */; };
		5234BAB825CC230E00561E86 /* ServicesViewModel.swift in Sources */ = {isa = PBXBuildFile; fileRef = 5234BAB725CC230E00561E86 /* ServicesViewModel.swift */; };
		5236FF7C25CDA73400845300 /* MainTabBarCoordinator.swift in Sources */ = {isa = PBXBuildFile; fileRef = 5236FF7B25CDA73400845300 /* MainTabBarCoordinator.swift */; };
		5236FF8325CDAF1500845300 /* NewGroupCoordinator.swift in Sources */ = {isa = PBXBuildFile; fileRef = 5236FF8225CDAF1500845300 /* NewGroupCoordinator.swift */; };
		5236FF8825CDAF5800845300 /* NewGroupViewController.swift in Sources */ = {isa = PBXBuildFile; fileRef = 5236FF8725CDAF5800845300 /* NewGroupViewController.swift */; };
		5236FF8D25CDC52000845300 /* NewGroupViewModel.swift in Sources */ = {isa = PBXBuildFile; fileRef = 5236FF8C25CDC52000845300 /* NewGroupViewModel.swift */; };
		5236FF9125CDC94700845300 /* GroupCell.swift in Sources */ = {isa = PBXBuildFile; fileRef = 5236FF9025CDC94700845300 /* GroupCell.swift */; };
		5236FF9425CDCA3F00845300 /* UIView+Ext.swift in Sources */ = {isa = PBXBuildFile; fileRef = 5236FF9325CDCA3F00845300 /* UIView+Ext.swift */; };
		5236FF9925CDE01700845300 /* FriendCell.swift in Sources */ = {isa = PBXBuildFile; fileRef = 5236FF9825CDE01700845300 /* FriendCell.swift */; };
		5236FF9E25CDE5A800845300 /* MusicCell.swift in Sources */ = {isa = PBXBuildFile; fileRef = 5236FF9D25CDE5A700845300 /* MusicCell.swift */; };
		5236FFA225CED6F200845300 /* ChatViewController.swift in Sources */ = {isa = PBXBuildFile; fileRef = 5236FFA125CED6F200845300 /* ChatViewController.swift */; };
		5236FFA725CED99400845300 /* ChatCoordinator.swift in Sources */ = {isa = PBXBuildFile; fileRef = 5236FFA625CED99400845300 /* ChatCoordinator.swift */; };
		5236FFAA25CED9C300845300 /* ChatViewModel.swift in Sources */ = {isa = PBXBuildFile; fileRef = 5236FFA925CED9C300845300 /* ChatViewModel.swift */; };
		5236FFAD25CEF6F900845300 /* UITextField+Ext.swift in Sources */ = {isa = PBXBuildFile; fileRef = 5236FFAC25CEF6F900845300 /* UITextField+Ext.swift */; };
		5236FFB325CFCBC600845300 /* NewFriendViewController.swift in Sources */ = {isa = PBXBuildFile; fileRef = 5236FFB225CFCBC600845300 /* NewFriendViewController.swift */; };
		5236FFBA25CFCD3600845300 /* NewFriendCoordinator.swift in Sources */ = {isa = PBXBuildFile; fileRef = 5236FFB925CFCD3600845300 /* NewFriendCoordinator.swift */; };
		5236FFC225CFCD7600845300 /* NewFriendViewModel.swift in Sources */ = {isa = PBXBuildFile; fileRef = 5236FFC125CFCD7600845300 /* NewFriendViewModel.swift */; };
		5236FFD525D0342B00845300 /* APIManager.swift in Sources */ = {isa = PBXBuildFile; fileRef = 5236FFD425D0342B00845300 /* APIManager.swift */; };
		5236FFD925D0346900845300 /* User.swift in Sources */ = {isa = PBXBuildFile; fileRef = 5236FFD825D0346900845300 /* User.swift */; };
		5276D1B325D2D2F200D1B83C /* SpotifyAuthentication.framework in Frameworks */ = {isa = PBXBuildFile; fileRef = 5276D1B025D2D2F200D1B83C /* SpotifyAuthentication.framework */; };
		5276D1B425D2D2F200D1B83C /* SpotifyAudioPlayback.framework in Frameworks */ = {isa = PBXBuildFile; fileRef = 5276D1B125D2D2F200D1B83C /* SpotifyAudioPlayback.framework */; };
		5276D1B525D2D2F200D1B83C /* SpotifyMetadata.framework in Frameworks */ = {isa = PBXBuildFile; fileRef = 5276D1B225D2D2F200D1B83C /* SpotifyMetadata.framework */; };
		52A758A525D93F770051EB61 /* Playlist.swift in Sources */ = {isa = PBXBuildFile; fileRef = 52A758A425D93F770051EB61 /* Playlist.swift */; };
		52ADF4BE25E4048C000B1AA1 /* CustomLabel.swift in Sources */ = {isa = PBXBuildFile; fileRef = 52ADF4BD25E4048C000B1AA1 /* CustomLabel.swift */; };
		52ADF4C125E40549000B1AA1 /* UILabel+Ext.swift in Sources */ = {isa = PBXBuildFile; fileRef = 52ADF4C025E40549000B1AA1 /* UILabel+Ext.swift */; };
		52B0F99225E4199300010F9D /* ForgotPasswordViewController.swift in Sources */ = {isa = PBXBuildFile; fileRef = 52B0F99125E4199300010F9D /* ForgotPasswordViewController.swift */; };
		52B0F99525E41A2B00010F9D /* ForgotPasswordViewModel.swift in Sources */ = {isa = PBXBuildFile; fileRef = 52B0F99425E41A2B00010F9D /* ForgotPasswordViewModel.swift */; };
		52B0F99825E41A4500010F9D /* ForgotPasswordCoordinator.swift in Sources */ = {isa = PBXBuildFile; fileRef = 52B0F99725E41A4500010F9D /* ForgotPasswordCoordinator.swift */; };
		52B11CCC25DC1FA600CFB829 /* Track.swift in Sources */ = {isa = PBXBuildFile; fileRef = 52B11CCB25DC1FA600CFB829 /* Track.swift */; };
		52B11CCF25DD7DDE00CFB829 /* MusicCellViewModel.swift in Sources */ = {isa = PBXBuildFile; fileRef = 52B11CCE25DD7DDE00CFB829 /* MusicCellViewModel.swift */; };
		52B1C24F25CC388E0027C3E6 /* VKService.swift in Sources */ = {isa = PBXBuildFile; fileRef = 52B1C24E25CC388E0027C3E6 /* VKService.swift */; };
		52B5C58B25D69FF100961A4E /* SettingsViewController.swift in Sources */ = {isa = PBXBuildFile; fileRef = 52B5C58A25D69FF100961A4E /* SettingsViewController.swift */; };
		52B5C59225D6A0BA00961A4E /* SettingsCoordinator.swift in Sources */ = {isa = PBXBuildFile; fileRef = 52B5C59125D6A0BA00961A4E /* SettingsCoordinator.swift */; };
		52B5C59725D6A0E400961A4E /* SettingsViewModel.swift in Sources */ = {isa = PBXBuildFile; fileRef = 52B5C59625D6A0E400961A4E /* SettingsViewModel.swift */; };
		52B5C59E25D6A99C00961A4E /* UserProfile.swift in Sources */ = {isa = PBXBuildFile; fileRef = 52B5C59D25D6A99C00961A4E /* UserProfile.swift */; };
		52B5C5A225D6C19F00961A4E /* SettingsCell.swift in Sources */ = {isa = PBXBuildFile; fileRef = 52B5C5A125D6C19F00961A4E /* SettingsCell.swift */; };
		52B5C5A525D6CC7800961A4E /* EditProfileViewController.swift in Sources */ = {isa = PBXBuildFile; fileRef = 52B5C5A425D6CC7800961A4E /* EditProfileViewController.swift */; };
		52BCD56E25E3048800A30366 /* Lato-Regular.ttf in Resources */ = {isa = PBXBuildFile; fileRef = 52BCD56C25E303D800A30366 /* Lato-Regular.ttf */; };
		52D1F4B425CC766F002AA1C9 /* SpotifyService.swift in Sources */ = {isa = PBXBuildFile; fileRef = 52D1F4B325CC766F002AA1C9 /* SpotifyService.swift */; };
		52D1F4C525CC8DCA002AA1C9 /* OKSDK.m in Sources */ = {isa = PBXBuildFile; fileRef = 52D1F4C425CC8DCA002AA1C9 /* OKSDK.m */; };
		52EDBF9325DEE46F002A141C /* TrackViewController.swift in Sources */ = {isa = PBXBuildFile; fileRef = 52EDBF9225DEE46F002A141C /* TrackViewController.swift */; };
		52EDBF9825DEE4BB002A141C /* TrackCoordinator.swift in Sources */ = {isa = PBXBuildFile; fileRef = 52EDBF9725DEE4BB002A141C /* TrackCoordinator.swift */; };
		52EDBF9B25DEE4E3002A141C /* TrackViewModel.swift in Sources */ = {isa = PBXBuildFile; fileRef = 52EDBF9A25DEE4E3002A141C /* TrackViewModel.swift */; };
/* End PBXBuildFile section */

/* Begin PBXFileReference section */
		0F7D604D3479CC33EE99EF88 /* Pods-Harmony.debug.xcconfig */ = {isa = PBXFileReference; includeInIndex = 1; lastKnownFileType = text.xcconfig; name = "Pods-Harmony.debug.xcconfig"; path = "Target Support Files/Pods-Harmony/Pods-Harmony.debug.xcconfig"; sourceTree = "<group>"; };
		14418CAD8F75E6B348133192 /* Pods-Harmony.release.xcconfig */ = {isa = PBXFileReference; includeInIndex = 1; lastKnownFileType = text.xcconfig; name = "Pods-Harmony.release.xcconfig"; path = "Target Support Files/Pods-Harmony/Pods-Harmony.release.xcconfig"; sourceTree = "<group>"; };
		521A04E825C73570007F86A0 /* Harmony.app */ = {isa = PBXFileReference; explicitFileType = wrapper.application; includeInIndex = 0; path = Harmony.app; sourceTree = BUILT_PRODUCTS_DIR; };
		521A04EB25C73570007F86A0 /* AppDelegate.swift */ = {isa = PBXFileReference; lastKnownFileType = sourcecode.swift; path = AppDelegate.swift; sourceTree = "<group>"; };
		521A04ED25C73570007F86A0 /* SceneDelegate.swift */ = {isa = PBXFileReference; lastKnownFileType = sourcecode.swift; path = SceneDelegate.swift; sourceTree = "<group>"; };
		521A04F225C73570007F86A0 /* Base */ = {isa = PBXFileReference; lastKnownFileType = file.storyboard; name = Base; path = Base.lproj/Main.storyboard; sourceTree = "<group>"; };
		521A04F425C73573007F86A0 /* Assets.xcassets */ = {isa = PBXFileReference; lastKnownFileType = folder.assetcatalog; path = Assets.xcassets; sourceTree = "<group>"; };
		521A04F725C73573007F86A0 /* Base */ = {isa = PBXFileReference; lastKnownFileType = file.storyboard; name = Base; path = Base.lproj/LaunchScreen.storyboard; sourceTree = "<group>"; };
		521A04F925C73573007F86A0 /* Info.plist */ = {isa = PBXFileReference; lastKnownFileType = text.plist.xml; path = Info.plist; sourceTree = "<group>"; };
		521A050125C73588007F86A0 /* AppCoordinator.swift */ = {isa = PBXFileReference; lastKnownFileType = sourcecode.swift; path = AppCoordinator.swift; sourceTree = "<group>"; };
		521A050B25C73673007F86A0 /* UIViewController+Ext.swift */ = {isa = PBXFileReference; lastKnownFileType = sourcecode.swift; path = "UIViewController+Ext.swift"; sourceTree = "<group>"; };
		521A050F25C73FDB007F86A0 /* ProfileViewController.swift */ = {isa = PBXFileReference; lastKnownFileType = sourcecode.swift; path = ProfileViewController.swift; sourceTree = "<group>"; };
		521A051225C73FE9007F86A0 /* FriendsViewController.swift */ = {isa = PBXFileReference; lastKnownFileType = sourcecode.swift; path = FriendsViewController.swift; sourceTree = "<group>"; };
		521A051525C73FF4007F86A0 /* GroupsViewController.swift */ = {isa = PBXFileReference; lastKnownFileType = sourcecode.swift; path = GroupsViewController.swift; sourceTree = "<group>"; };
		521A051825C73FFC007F86A0 /* MusicViewController.swift */ = {isa = PBXFileReference; lastKnownFileType = sourcecode.swift; path = MusicViewController.swift; sourceTree = "<group>"; };
		521A051B25C741AC007F86A0 /* ProfileCoordinator.swift */ = {isa = PBXFileReference; lastKnownFileType = sourcecode.swift; path = ProfileCoordinator.swift; sourceTree = "<group>"; };
		521A051E25C741FF007F86A0 /* FriendsCoordinator.swift */ = {isa = PBXFileReference; lastKnownFileType = sourcecode.swift; path = FriendsCoordinator.swift; sourceTree = "<group>"; };
		521A052125C74210007F86A0 /* GroupCoordinator.swift */ = {isa = PBXFileReference; lastKnownFileType = sourcecode.swift; path = GroupCoordinator.swift; sourceTree = "<group>"; };
		521A052425C7421F007F86A0 /* MusicCoordinator.swift */ = {isa = PBXFileReference; lastKnownFileType = sourcecode.swift; path = MusicCoordinator.swift; sourceTree = "<group>"; };
		521A052725C750D6007F86A0 /* MainTabBarController.swift */ = {isa = PBXFileReference; lastKnownFileType = sourcecode.swift; path = MainTabBarController.swift; sourceTree = "<group>"; };
		521A052B25C757C2007F86A0 /* ProfileViewModel.swift */ = {isa = PBXFileReference; lastKnownFileType = sourcecode.swift; path = ProfileViewModel.swift; sourceTree = "<group>"; };
		521A052F25C757CC007F86A0 /* FriendsViewModel.swift */ = {isa = PBXFileReference; lastKnownFileType = sourcecode.swift; path = FriendsViewModel.swift; sourceTree = "<group>"; };
		521A053225C757D7007F86A0 /* GroupViewModel.swift */ = {isa = PBXFileReference; lastKnownFileType = sourcecode.swift; path = GroupViewModel.swift; sourceTree = "<group>"; };
		521A053525C757DF007F86A0 /* MusicViewModel.swift */ = {isa = PBXFileReference; lastKnownFileType = sourcecode.swift; path = MusicViewModel.swift; sourceTree = "<group>"; };
		521A053C25C81249007F86A0 /* LoginViewController.swift */ = {isa = PBXFileReference; lastKnownFileType = sourcecode.swift; path = LoginViewController.swift; sourceTree = "<group>"; };
		521A054025C8125C007F86A0 /* RegistrationViewController.swift */ = {isa = PBXFileReference; lastKnownFileType = sourcecode.swift; path = RegistrationViewController.swift; sourceTree = "<group>"; };
		521A054325C818F4007F86A0 /* TabBar+Ext.swift */ = {isa = PBXFileReference; lastKnownFileType = sourcecode.swift; path = "TabBar+Ext.swift"; sourceTree = "<group>"; };
		521A054625C85179007F86A0 /* Colors+Ext.swift */ = {isa = PBXFileReference; lastKnownFileType = sourcecode.swift; path = "Colors+Ext.swift"; sourceTree = "<group>"; };
		521A054E25C9CCB7007F86A0 /* Harmony-Bridging-Header.h */ = {isa = PBXFileReference; lastKnownFileType = sourcecode.c.h; path = "Harmony-Bridging-Header.h"; sourceTree = "<group>"; };
		521A055E25C9E892007F86A0 /* LoginButtonStyle.swift */ = {isa = PBXFileReference; lastKnownFileType = sourcecode.swift; path = LoginButtonStyle.swift; sourceTree = "<group>"; };
		521A056125C9E95A007F86A0 /* LoginCoordinator.swift */ = {isa = PBXFileReference; lastKnownFileType = sourcecode.swift; path = LoginCoordinator.swift; sourceTree = "<group>"; };
		521A056725C9F674007F86A0 /* LoginTextFieldStyle.swift */ = {isa = PBXFileReference; lastKnownFileType = sourcecode.swift; path = LoginTextFieldStyle.swift; sourceTree = "<group>"; };
		5234BAA625CC166100561E86 /* LoginViewModel.swift */ = {isa = PBXFileReference; lastKnownFileType = sourcecode.swift; path = LoginViewModel.swift; sourceTree = "<group>"; };
		5234BAA925CC173300561E86 /* RegisterCoordinator.swift */ = {isa = PBXFileReference; lastKnownFileType = sourcecode.swift; path = RegisterCoordinator.swift; sourceTree = "<group>"; };
		5234BAAC25CC229600561E86 /* ServicesViewController.swift */ = {isa = PBXFileReference; lastKnownFileType = sourcecode.swift; path = ServicesViewController.swift; sourceTree = "<group>"; };
		5234BAB125CC22C300561E86 /* ServicesCoordinator.swift */ = {isa = PBXFileReference; lastKnownFileType = sourcecode.swift; path = ServicesCoordinator.swift; sourceTree = "<group>"; };
		5234BAB425CC22E900561E86 /* RegisterViewModel.swift */ = {isa = PBXFileReference; lastKnownFileType = sourcecode.swift; path = RegisterViewModel.swift; sourceTree = "<group>"; };
		5234BAB725CC230E00561E86 /* ServicesViewModel.swift */ = {isa = PBXFileReference; lastKnownFileType = sourcecode.swift; path = ServicesViewModel.swift; sourceTree = "<group>"; };
		5236FF7B25CDA73400845300 /* MainTabBarCoordinator.swift */ = {isa = PBXFileReference; lastKnownFileType = sourcecode.swift; path = MainTabBarCoordinator.swift; sourceTree = "<group>"; };
		5236FF8225CDAF1500845300 /* NewGroupCoordinator.swift */ = {isa = PBXFileReference; lastKnownFileType = sourcecode.swift; path = NewGroupCoordinator.swift; sourceTree = "<group>"; };
		5236FF8725CDAF5800845300 /* NewGroupViewController.swift */ = {isa = PBXFileReference; lastKnownFileType = sourcecode.swift; path = NewGroupViewController.swift; sourceTree = "<group>"; };
		5236FF8C25CDC52000845300 /* NewGroupViewModel.swift */ = {isa = PBXFileReference; lastKnownFileType = sourcecode.swift; path = NewGroupViewModel.swift; sourceTree = "<group>"; };
		5236FF9025CDC94700845300 /* GroupCell.swift */ = {isa = PBXFileReference; lastKnownFileType = sourcecode.swift; path = GroupCell.swift; sourceTree = "<group>"; };
		5236FF9325CDCA3F00845300 /* UIView+Ext.swift */ = {isa = PBXFileReference; lastKnownFileType = sourcecode.swift; path = "UIView+Ext.swift"; sourceTree = "<group>"; };
		5236FF9825CDE01700845300 /* FriendCell.swift */ = {isa = PBXFileReference; lastKnownFileType = sourcecode.swift; path = FriendCell.swift; sourceTree = "<group>"; };
		5236FF9D25CDE5A700845300 /* MusicCell.swift */ = {isa = PBXFileReference; lastKnownFileType = sourcecode.swift; path = MusicCell.swift; sourceTree = "<group>"; };
		5236FFA125CED6F200845300 /* ChatViewController.swift */ = {isa = PBXFileReference; lastKnownFileType = sourcecode.swift; path = ChatViewController.swift; sourceTree = "<group>"; };
		5236FFA625CED99400845300 /* ChatCoordinator.swift */ = {isa = PBXFileReference; lastKnownFileType = sourcecode.swift; path = ChatCoordinator.swift; sourceTree = "<group>"; };
		5236FFA925CED9C300845300 /* ChatViewModel.swift */ = {isa = PBXFileReference; lastKnownFileType = sourcecode.swift; path = ChatViewModel.swift; sourceTree = "<group>"; };
		5236FFAC25CEF6F900845300 /* UITextField+Ext.swift */ = {isa = PBXFileReference; lastKnownFileType = sourcecode.swift; path = "UITextField+Ext.swift"; sourceTree = "<group>"; };
		5236FFB225CFCBC600845300 /* NewFriendViewController.swift */ = {isa = PBXFileReference; lastKnownFileType = sourcecode.swift; path = NewFriendViewController.swift; sourceTree = "<group>"; };
		5236FFB925CFCD3600845300 /* NewFriendCoordinator.swift */ = {isa = PBXFileReference; lastKnownFileType = sourcecode.swift; path = NewFriendCoordinator.swift; sourceTree = "<group>"; };
		5236FFC125CFCD7600845300 /* NewFriendViewModel.swift */ = {isa = PBXFileReference; lastKnownFileType = sourcecode.swift; path = NewFriendViewModel.swift; sourceTree = "<group>"; };
		5236FFD425D0342B00845300 /* APIManager.swift */ = {isa = PBXFileReference; lastKnownFileType = sourcecode.swift; path = APIManager.swift; sourceTree = "<group>"; };
		5236FFD825D0346900845300 /* User.swift */ = {isa = PBXFileReference; lastKnownFileType = sourcecode.swift; path = User.swift; sourceTree = "<group>"; };
		5276D1B025D2D2F200D1B83C /* SpotifyAuthentication.framework */ = {isa = PBXFileReference; lastKnownFileType = wrapper.framework; path = SpotifyAuthentication.framework; sourceTree = "<group>"; };
		5276D1B125D2D2F200D1B83C /* SpotifyAudioPlayback.framework */ = {isa = PBXFileReference; lastKnownFileType = wrapper.framework; path = SpotifyAudioPlayback.framework; sourceTree = "<group>"; };
		5276D1B225D2D2F200D1B83C /* SpotifyMetadata.framework */ = {isa = PBXFileReference; lastKnownFileType = wrapper.framework; path = SpotifyMetadata.framework; sourceTree = "<group>"; };
		52A758A425D93F770051EB61 /* Playlist.swift */ = {isa = PBXFileReference; lastKnownFileType = sourcecode.swift; path = Playlist.swift; sourceTree = "<group>"; };
		52ADF4BD25E4048C000B1AA1 /* CustomLabel.swift */ = {isa = PBXFileReference; lastKnownFileType = sourcecode.swift; path = CustomLabel.swift; sourceTree = "<group>"; };
		52ADF4C025E40549000B1AA1 /* UILabel+Ext.swift */ = {isa = PBXFileReference; lastKnownFileType = sourcecode.swift; path = "UILabel+Ext.swift"; sourceTree = "<group>"; };
		52B0F99125E4199300010F9D /* ForgotPasswordViewController.swift */ = {isa = PBXFileReference; lastKnownFileType = sourcecode.swift; path = ForgotPasswordViewController.swift; sourceTree = "<group>"; };
		52B0F99425E41A2B00010F9D /* ForgotPasswordViewModel.swift */ = {isa = PBXFileReference; lastKnownFileType = sourcecode.swift; path = ForgotPasswordViewModel.swift; sourceTree = "<group>"; };
		52B0F99725E41A4500010F9D /* ForgotPasswordCoordinator.swift */ = {isa = PBXFileReference; lastKnownFileType = sourcecode.swift; path = ForgotPasswordCoordinator.swift; sourceTree = "<group>"; };
		52B11CCB25DC1FA600CFB829 /* Track.swift */ = {isa = PBXFileReference; lastKnownFileType = sourcecode.swift; path = Track.swift; sourceTree = "<group>"; };
		52B11CCE25DD7DDE00CFB829 /* MusicCellViewModel.swift */ = {isa = PBXFileReference; lastKnownFileType = sourcecode.swift; path = MusicCellViewModel.swift; sourceTree = "<group>"; };
		52B1C24E25CC388E0027C3E6 /* VKService.swift */ = {isa = PBXFileReference; lastKnownFileType = sourcecode.swift; path = VKService.swift; sourceTree = "<group>"; };
		52B5C58A25D69FF100961A4E /* SettingsViewController.swift */ = {isa = PBXFileReference; lastKnownFileType = sourcecode.swift; path = SettingsViewController.swift; sourceTree = "<group>"; };
		52B5C59125D6A0BA00961A4E /* SettingsCoordinator.swift */ = {isa = PBXFileReference; lastKnownFileType = sourcecode.swift; path = SettingsCoordinator.swift; sourceTree = "<group>"; };
		52B5C59625D6A0E400961A4E /* SettingsViewModel.swift */ = {isa = PBXFileReference; lastKnownFileType = sourcecode.swift; path = SettingsViewModel.swift; sourceTree = "<group>"; };
		52B5C59D25D6A99C00961A4E /* UserProfile.swift */ = {isa = PBXFileReference; lastKnownFileType = sourcecode.swift; path = UserProfile.swift; sourceTree = "<group>"; };
		52B5C5A125D6C19F00961A4E /* SettingsCell.swift */ = {isa = PBXFileReference; lastKnownFileType = sourcecode.swift; path = SettingsCell.swift; sourceTree = "<group>"; };
		52B5C5A425D6CC7800961A4E /* EditProfileViewController.swift */ = {isa = PBXFileReference; lastKnownFileType = sourcecode.swift; path = EditProfileViewController.swift; sourceTree = "<group>"; };
		52BCD56C25E303D800A30366 /* Lato-Regular.ttf */ = {isa = PBXFileReference; lastKnownFileType = file; path = "Lato-Regular.ttf"; sourceTree = "<group>"; };
		52D1F4B325CC766F002AA1C9 /* SpotifyService.swift */ = {isa = PBXFileReference; lastKnownFileType = sourcecode.swift; path = SpotifyService.swift; sourceTree = "<group>"; };
		52D1F4C125CC7F9E002AA1C9 /* VKHeader.h */ = {isa = PBXFileReference; lastKnownFileType = sourcecode.c.h; path = VKHeader.h; sourceTree = "<group>"; };
		52D1F4C325CC8DCA002AA1C9 /* OKSDK.h */ = {isa = PBXFileReference; fileEncoding = 4; lastKnownFileType = sourcecode.c.h; path = OKSDK.h; sourceTree = "<group>"; };
		52D1F4C425CC8DCA002AA1C9 /* OKSDK.m */ = {isa = PBXFileReference; fileEncoding = 4; lastKnownFileType = sourcecode.c.objc; path = OKSDK.m; sourceTree = "<group>"; };
		52EDBF9225DEE46F002A141C /* TrackViewController.swift */ = {isa = PBXFileReference; lastKnownFileType = sourcecode.swift; path = TrackViewController.swift; sourceTree = "<group>"; };
		52EDBF9725DEE4BB002A141C /* TrackCoordinator.swift */ = {isa = PBXFileReference; lastKnownFileType = sourcecode.swift; path = TrackCoordinator.swift; sourceTree = "<group>"; };
		52EDBF9A25DEE4E3002A141C /* TrackViewModel.swift */ = {isa = PBXFileReference; lastKnownFileType = sourcecode.swift; path = TrackViewModel.swift; sourceTree = "<group>"; };
		9BA964EE92A25094FD1F159E /* Pods_Harmony.framework */ = {isa = PBXFileReference; explicitFileType = wrapper.framework; includeInIndex = 0; path = Pods_Harmony.framework; sourceTree = BUILT_PRODUCTS_DIR; };
/* End PBXFileReference section */

/* Begin PBXFrameworksBuildPhase section */
		521A04E525C73570007F86A0 /* Frameworks */ = {
			isa = PBXFrameworksBuildPhase;
			buildActionMask = 2147483647;
			files = (
				5276D1B525D2D2F200D1B83C /* SpotifyMetadata.framework in Frameworks */,
				3FB63F697F2DFD935D3A4DC0 /* Pods_Harmony.framework in Frameworks */,
				5276D1B325D2D2F200D1B83C /* SpotifyAuthentication.framework in Frameworks */,
				5276D1B425D2D2F200D1B83C /* SpotifyAudioPlayback.framework in Frameworks */,
			);
			runOnlyForDeploymentPostprocessing = 0;
		};
/* End PBXFrameworksBuildPhase section */

/* Begin PBXGroup section */
		0C43EAECFE87EEB685227C17 /* Frameworks */ = {
			isa = PBXGroup;
			children = (
				9BA964EE92A25094FD1F159E /* Pods_Harmony.framework */,
			);
			name = Frameworks;
			sourceTree = "<group>";
		};
		521A04DF25C73570007F86A0 = {
			isa = PBXGroup;
			children = (
				521A04EA25C73570007F86A0 /* Harmony */,
				521A04E925C73570007F86A0 /* Products */,
				D8BA771E9B3E25B33F5047CF /* Pods */,
				0C43EAECFE87EEB685227C17 /* Frameworks */,
			);
			sourceTree = "<group>";
		};
		521A04E925C73570007F86A0 /* Products */ = {
			isa = PBXGroup;
			children = (
				521A04E825C73570007F86A0 /* Harmony.app */,
			);
			name = Products;
			sourceTree = "<group>";
		};
		521A04EA25C73570007F86A0 /* Harmony */ = {
			isa = PBXGroup;
			children = (
				521A04EB25C73570007F86A0 /* AppDelegate.swift */,
				521A04ED25C73570007F86A0 /* SceneDelegate.swift */,
				5236FFD725D0346100845300 /* Models */,
				52B1C24D25CC38800027C3E6 /* Services */,
				521A050A25C73668007F86A0 /* Extensions */,
				521A056425C9F645007F86A0 /* Views */,
				521A052A25C757B2007F86A0 /* ViewModels */,
				521A050825C73658007F86A0 /* Controllers */,
				521A050025C7357E007F86A0 /* Coordinators */,
				52B1C24225CC34FE0027C3E6 /* Storyboards */,
				521A04F425C73573007F86A0 /* Assets.xcassets */,
				521A04F925C73573007F86A0 /* Info.plist */,
				521A054E25C9CCB7007F86A0 /* Harmony-Bridging-Header.h */,
				5276D1B125D2D2F200D1B83C /* SpotifyAudioPlayback.framework */,
				5276D1B025D2D2F200D1B83C /* SpotifyAuthentication.framework */,
				5276D1B225D2D2F200D1B83C /* SpotifyMetadata.framework */,
				52D1F4C125CC7F9E002AA1C9 /* VKHeader.h */,
				52D1F4C325CC8DCA002AA1C9 /* OKSDK.h */,
				52D1F4C425CC8DCA002AA1C9 /* OKSDK.m */,
				52BCD56B25E303AB00A30366 /* Fonts */,
			);
			path = Harmony;
			sourceTree = "<group>";
		};
		521A050025C7357E007F86A0 /* Coordinators */ = {
			isa = PBXGroup;
			children = (
				521A050125C73588007F86A0 /* AppCoordinator.swift */,
				5234BAAF25CC22B400561E86 /* Login and Register */,
				5236FF8025CDA98D00845300 /* Tabs */,
			);
			path = Coordinators;
			sourceTree = "<group>";
		};
		521A050825C73658007F86A0 /* Controllers */ = {
			isa = PBXGroup;
			children = (
				521A053B25C811FE007F86A0 /* Login and Registration */,
				521A052725C750D6007F86A0 /* MainTabBarController.swift */,
				52B5C58F25D6A07C00961A4E /* Profile */,
				5236FFAF25CFCBB800845300 /* Friends */,
				5236FF8A25CDAF6000845300 /* Groups */,
				5236FFC425CFD78400845300 /* Music */,
			);
			path = Controllers;
			sourceTree = "<group>";
		};
		521A050A25C73668007F86A0 /* Extensions */ = {
			isa = PBXGroup;
			children = (
				521A050B25C73673007F86A0 /* UIViewController+Ext.swift */,
				521A054325C818F4007F86A0 /* TabBar+Ext.swift */,
				521A054625C85179007F86A0 /* Colors+Ext.swift */,
				5236FF9325CDCA3F00845300 /* UIView+Ext.swift */,
				5236FFAC25CEF6F900845300 /* UITextField+Ext.swift */,
				52ADF4C025E40549000B1AA1 /* UILabel+Ext.swift */,
			);
			path = Extensions;
			sourceTree = "<group>";
		};
		521A052A25C757B2007F86A0 /* ViewModels */ = {
			isa = PBXGroup;
			children = (
				5234BAA525CC165300561E86 /* Login and Register */,
				52B1C24625CC351E0027C3E6 /* Tabs */,
			);
			path = ViewModels;
			sourceTree = "<group>";
		};
		521A053B25C811FE007F86A0 /* Login and Registration */ = {
			isa = PBXGroup;
			children = (
				521A053C25C81249007F86A0 /* LoginViewController.swift */,
				521A054025C8125C007F86A0 /* RegistrationViewController.swift */,
				52B0F99125E4199300010F9D /* ForgotPasswordViewController.swift */,
				5234BAAC25CC229600561E86 /* ServicesViewController.swift */,
			);
			path = "Login and Registration";
			sourceTree = "<group>";
		};
		521A056425C9F645007F86A0 /* Views */ = {
			isa = PBXGroup;
			children = (
				521A056525C9F650007F86A0 /* Login and Registration */,
				52B5C5A025D6C18D00961A4E /* ProfileSettings */,
				5236FF9725CDE00A00845300 /* Friends */,
				5236FF8F25CDC92C00845300 /* Groups */,
				5236FF9C25CDE59800845300 /* Music */,
			);
			path = Views;
			sourceTree = "<group>";
		};
		521A056525C9F650007F86A0 /* Login and Registration */ = {
			isa = PBXGroup;
			children = (
				521A055E25C9E892007F86A0 /* LoginButtonStyle.swift */,
				521A056725C9F674007F86A0 /* LoginTextFieldStyle.swift */,
				52ADF4BD25E4048C000B1AA1 /* CustomLabel.swift */,
			);
			path = "Login and Registration";
			sourceTree = "<group>";
		};
		5234BAA525CC165300561E86 /* Login and Register */ = {
			isa = PBXGroup;
			children = (
				5234BAA625CC166100561E86 /* LoginViewModel.swift */,
				5234BAB425CC22E900561E86 /* RegisterViewModel.swift */,
				52B0F99425E41A2B00010F9D /* ForgotPasswordViewModel.swift */,
				5234BAB725CC230E00561E86 /* ServicesViewModel.swift */,
			);
			path = "Login and Register";
			sourceTree = "<group>";
		};
		5234BAAF25CC22B400561E86 /* Login and Register */ = {
			isa = PBXGroup;
			children = (
				521A056125C9E95A007F86A0 /* LoginCoordinator.swift */,
				5234BAA925CC173300561E86 /* RegisterCoordinator.swift */,
				52B0F99725E41A4500010F9D /* ForgotPasswordCoordinator.swift */,
				5234BAB125CC22C300561E86 /* ServicesCoordinator.swift */,
			);
			path = "Login and Register";
			sourceTree = "<group>";
		};
		5236FF8025CDA98D00845300 /* Tabs */ = {
			isa = PBXGroup;
			children = (
				5236FF7B25CDA73400845300 /* MainTabBarCoordinator.swift */,
				52B5C58D25D69FF500961A4E /* Profile */,
				5236FFB525CFCD2600845300 /* Friends */,
				5236FF8525CDAF2800845300 /* Groups */,
				52EDBF9525DEE4B1002A141C /* Music */,
			);
			path = Tabs;
			sourceTree = "<group>";
		};
		5236FF8525CDAF2800845300 /* Groups */ = {
			isa = PBXGroup;
			children = (
				521A052125C74210007F86A0 /* GroupCoordinator.swift */,
				5236FFA625CED99400845300 /* ChatCoordinator.swift */,
				5236FF8225CDAF1500845300 /* NewGroupCoordinator.swift */,
			);
			path = Groups;
			sourceTree = "<group>";
		};
		5236FF8A25CDAF6000845300 /* Groups */ = {
			isa = PBXGroup;
			children = (
				521A051525C73FF4007F86A0 /* GroupsViewController.swift */,
				5236FFA125CED6F200845300 /* ChatViewController.swift */,
				5236FF8725CDAF5800845300 /* NewGroupViewController.swift */,
			);
			path = Groups;
			sourceTree = "<group>";
		};
		5236FF8F25CDC92C00845300 /* Groups */ = {
			isa = PBXGroup;
			children = (
				5236FF9025CDC94700845300 /* GroupCell.swift */,
			);
			path = Groups;
			sourceTree = "<group>";
		};
		5236FF9725CDE00A00845300 /* Friends */ = {
			isa = PBXGroup;
			children = (
				5236FF9825CDE01700845300 /* FriendCell.swift */,
			);
			path = Friends;
			sourceTree = "<group>";
		};
		5236FF9C25CDE59800845300 /* Music */ = {
			isa = PBXGroup;
			children = (
				5236FF9D25CDE5A700845300 /* MusicCell.swift */,
			);
			path = Music;
			sourceTree = "<group>";
		};
		5236FFAF25CFCBB800845300 /* Friends */ = {
			isa = PBXGroup;
			children = (
				521A051225C73FE9007F86A0 /* FriendsViewController.swift */,
				5236FFB225CFCBC600845300 /* NewFriendViewController.swift */,
			);
			path = Friends;
			sourceTree = "<group>";
		};
		5236FFB525CFCD2600845300 /* Friends */ = {
			isa = PBXGroup;
			children = (
				521A051E25C741FF007F86A0 /* FriendsCoordinator.swift */,
				5236FFB925CFCD3600845300 /* NewFriendCoordinator.swift */,
			);
			path = Friends;
			sourceTree = "<group>";
		};
		5236FFBC25CFCD6600845300 /* Groups */ = {
			isa = PBXGroup;
			children = (
				521A053225C757D7007F86A0 /* GroupViewModel.swift */,
				5236FFA925CED9C300845300 /* ChatViewModel.swift */,
				5236FF8C25CDC52000845300 /* NewGroupViewModel.swift */,
			);
			path = Groups;
			sourceTree = "<group>";
		};
		5236FFBF25CFCD6D00845300 /* Friends */ = {
			isa = PBXGroup;
			children = (
				521A052F25C757CC007F86A0 /* FriendsViewModel.swift */,
				5236FFC125CFCD7600845300 /* NewFriendViewModel.swift */,
			);
			path = Friends;
			sourceTree = "<group>";
		};
		5236FFC425CFD78400845300 /* Music */ = {
			isa = PBXGroup;
			children = (
				521A051825C73FFC007F86A0 /* MusicViewController.swift */,
				52EDBF9225DEE46F002A141C /* TrackViewController.swift */,
			);
			path = Music;
			sourceTree = "<group>";
		};
		5236FFD725D0346100845300 /* Models */ = {
			isa = PBXGroup;
			children = (
				5236FFD825D0346900845300 /* User.swift */,
				52A758A425D93F770051EB61 /* Playlist.swift */,
				52B11CCB25DC1FA600CFB829 /* Track.swift */,
			);
			path = Models;
			sourceTree = "<group>";
		};
		52A758A225D93C0F0051EB61 /* Music */ = {
			isa = PBXGroup;
			children = (
				521A053525C757DF007F86A0 /* MusicViewModel.swift */,
				52B11CCE25DD7DDE00CFB829 /* MusicCellViewModel.swift */,
				52EDBF9A25DEE4E3002A141C /* TrackViewModel.swift */,
			);
			path = Music;
			sourceTree = "<group>";
		};
		52B1C24225CC34FE0027C3E6 /* Storyboards */ = {
			isa = PBXGroup;
			children = (
				521A04F125C73570007F86A0 /* Main.storyboard */,
				521A04F625C73573007F86A0 /* LaunchScreen.storyboard */,
			);
			path = Storyboards;
			sourceTree = "<group>";
		};
		52B1C24625CC351E0027C3E6 /* Tabs */ = {
			isa = PBXGroup;
			children = (
				52B5C59425D6A0DA00961A4E /* Profile */,
				5236FFBF25CFCD6D00845300 /* Friends */,
				5236FFBC25CFCD6600845300 /* Groups */,
				52A758A225D93C0F0051EB61 /* Music */,
			);
			path = Tabs;
			sourceTree = "<group>";
		};
		52B1C24D25CC38800027C3E6 /* Services */ = {
			isa = PBXGroup;
			children = (
				52D1F4B325CC766F002AA1C9 /* SpotifyService.swift */,
				52B1C24E25CC388E0027C3E6 /* VKService.swift */,
				5236FFD425D0342B00845300 /* APIManager.swift */,
				52B5C59D25D6A99C00961A4E /* UserProfile.swift */,
			);
			path = Services;
			sourceTree = "<group>";
		};
		52B5C58D25D69FF500961A4E /* Profile */ = {
			isa = PBXGroup;
			children = (
				521A051B25C741AC007F86A0 /* ProfileCoordinator.swift */,
				52B5C59125D6A0BA00961A4E /* SettingsCoordinator.swift */,
			);
			path = Profile;
			sourceTree = "<group>";
		};
		52B5C58F25D6A07C00961A4E /* Profile */ = {
			isa = PBXGroup;
			children = (
				521A050F25C73FDB007F86A0 /* ProfileViewController.swift */,
				52B5C58A25D69FF100961A4E /* SettingsViewController.swift */,
				52B5C5A425D6CC7800961A4E /* EditProfileViewController.swift */,
			);
			path = Profile;
			sourceTree = "<group>";
		};
		52B5C59425D6A0DA00961A4E /* Profile */ = {
			isa = PBXGroup;
			children = (
				521A052B25C757C2007F86A0 /* ProfileViewModel.swift */,
				52B5C59625D6A0E400961A4E /* SettingsViewModel.swift */,
			);
			path = Profile;
			sourceTree = "<group>";
		};
		52B5C5A025D6C18D00961A4E /* ProfileSettings */ = {
			isa = PBXGroup;
			children = (
				52B5C5A125D6C19F00961A4E /* SettingsCell.swift */,
			);
			path = ProfileSettings;
			sourceTree = "<group>";
		};
		52BCD56B25E303AB00A30366 /* Fonts */ = {
			isa = PBXGroup;
			children = (
				52BCD56C25E303D800A30366 /* Lato-Regular.ttf */,
			);
			path = Fonts;
			sourceTree = "<group>";
		};
		52EDBF9525DEE4B1002A141C /* Music */ = {
			isa = PBXGroup;
			children = (
				521A052425C7421F007F86A0 /* MusicCoordinator.swift */,
				52EDBF9725DEE4BB002A141C /* TrackCoordinator.swift */,
			);
			path = Music;
			sourceTree = "<group>";
		};
		D8BA771E9B3E25B33F5047CF /* Pods */ = {
			isa = PBXGroup;
			children = (
				0F7D604D3479CC33EE99EF88 /* Pods-Harmony.debug.xcconfig */,
				14418CAD8F75E6B348133192 /* Pods-Harmony.release.xcconfig */,
			);
			path = Pods;
			sourceTree = "<group>";
		};
/* End PBXGroup section */

/* Begin PBXNativeTarget section */
		521A04E725C73570007F86A0 /* Harmony */ = {
			isa = PBXNativeTarget;
			buildConfigurationList = 521A04FC25C73573007F86A0 /* Build configuration list for PBXNativeTarget "Harmony" */;
			buildPhases = (
				70904CCF630BA859D66F7B45 /* [CP] Check Pods Manifest.lock */,
				521A04E425C73570007F86A0 /* Sources */,
				521A04E525C73570007F86A0 /* Frameworks */,
				521A04E625C73570007F86A0 /* Resources */,
				86943710B46F56DE66911698 /* [CP] Embed Pods Frameworks */,
			);
			buildRules = (
			);
			dependencies = (
			);
			name = Harmony;
			productName = Harmony;
			productReference = 521A04E825C73570007F86A0 /* Harmony.app */;
			productType = "com.apple.product-type.application";
		};
/* End PBXNativeTarget section */

/* Begin PBXProject section */
		521A04E025C73570007F86A0 /* Project object */ = {
			isa = PBXProject;
			attributes = {
				LastSwiftUpdateCheck = 1220;
				LastUpgradeCheck = 1220;
				TargetAttributes = {
					521A04E725C73570007F86A0 = {
						CreatedOnToolsVersion = 12.2;
					};
				};
			};
			buildConfigurationList = 521A04E325C73570007F86A0 /* Build configuration list for PBXProject "Harmony" */;
			compatibilityVersion = "Xcode 9.3";
			developmentRegion = en;
			hasScannedForEncodings = 0;
			knownRegions = (
				en,
				Base,
			);
			mainGroup = 521A04DF25C73570007F86A0;
			productRefGroup = 521A04E925C73570007F86A0 /* Products */;
			projectDirPath = "";
			projectRoot = "";
			targets = (
				521A04E725C73570007F86A0 /* Harmony */,
			);
		};
/* End PBXProject section */

/* Begin PBXResourcesBuildPhase section */
		521A04E625C73570007F86A0 /* Resources */ = {
			isa = PBXResourcesBuildPhase;
			buildActionMask = 2147483647;
			files = (
				521A04F825C73573007F86A0 /* LaunchScreen.storyboard in Resources */,
				521A04F525C73573007F86A0 /* Assets.xcassets in Resources */,
				521A04F325C73570007F86A0 /* Main.storyboard in Resources */,
				52BCD56E25E3048800A30366 /* Lato-Regular.ttf in Resources */,
			);
			runOnlyForDeploymentPostprocessing = 0;
		};
/* End PBXResourcesBuildPhase section */

/* Begin PBXShellScriptBuildPhase section */
		70904CCF630BA859D66F7B45 /* [CP] Check Pods Manifest.lock */ = {
			isa = PBXShellScriptBuildPhase;
			buildActionMask = 2147483647;
			files = (
			);
			inputFileListPaths = (
			);
			inputPaths = (
				"${PODS_PODFILE_DIR_PATH}/Podfile.lock",
				"${PODS_ROOT}/Manifest.lock",
			);
			name = "[CP] Check Pods Manifest.lock";
			outputFileListPaths = (
			);
			outputPaths = (
				"$(DERIVED_FILE_DIR)/Pods-Harmony-checkManifestLockResult.txt",
			);
			runOnlyForDeploymentPostprocessing = 0;
			shellPath = /bin/sh;
			shellScript = "diff \"${PODS_PODFILE_DIR_PATH}/Podfile.lock\" \"${PODS_ROOT}/Manifest.lock\" > /dev/null\nif [ $? != 0 ] ; then\n    # print error to STDERR\n    echo \"error: The sandbox is not in sync with the Podfile.lock. Run 'pod install' or update your CocoaPods installation.\" >&2\n    exit 1\nfi\n# This output is used by Xcode 'outputs' to avoid re-running this script phase.\necho \"SUCCESS\" > \"${SCRIPT_OUTPUT_FILE_0}\"\n";
			showEnvVarsInLog = 0;
		};
		86943710B46F56DE66911698 /* [CP] Embed Pods Frameworks */ = {
			isa = PBXShellScriptBuildPhase;
			buildActionMask = 2147483647;
			files = (
			);
			inputFileListPaths = (
				"${PODS_ROOT}/Target Support Files/Pods-Harmony/Pods-Harmony-frameworks-${CONFIGURATION}-input-files.xcfilelist",
			);
			name = "[CP] Embed Pods Frameworks";
			outputFileListPaths = (
				"${PODS_ROOT}/Target Support Files/Pods-Harmony/Pods-Harmony-frameworks-${CONFIGURATION}-output-files.xcfilelist",
			);
			runOnlyForDeploymentPostprocessing = 0;
			shellPath = /bin/sh;
			shellScript = "\"${PODS_ROOT}/Target Support Files/Pods-Harmony/Pods-Harmony-frameworks.sh\"\n";
			showEnvVarsInLog = 0;
		};
/* End PBXShellScriptBuildPhase section */

/* Begin PBXSourcesBuildPhase section */
		521A04E425C73570007F86A0 /* Sources */ = {
			isa = PBXSourcesBuildPhase;
			buildActionMask = 2147483647;
			files = (
				521A053D25C81249007F86A0 /* LoginViewController.swift in Sources */,
				5236FFC225CFCD7600845300 /* NewFriendViewModel.swift in Sources */,
				5236FFAD25CEF6F900845300 /* UITextField+Ext.swift in Sources */,
				521A051C25C741AC007F86A0 /* ProfileCoordinator.swift in Sources */,
				52EDBF9325DEE46F002A141C /* TrackViewController.swift in Sources */,
				521A054125C8125C007F86A0 /* RegistrationViewController.swift in Sources */,
				52B0F99525E41A2B00010F9D /* ForgotPasswordViewModel.swift in Sources */,
				52ADF4C125E40549000B1AA1 /* UILabel+Ext.swift in Sources */,
				521A051625C73FF4007F86A0 /* GroupsViewController.swift in Sources */,
				521A053325C757D7007F86A0 /* GroupViewModel.swift in Sources */,
				521A052825C750D6007F86A0 /* MainTabBarController.swift in Sources */,
				52D1F4C525CC8DCA002AA1C9 /* OKSDK.m in Sources */,
				52ADF4BE25E4048C000B1AA1 /* CustomLabel.swift in Sources */,
				521A053625C757DF007F86A0 /* MusicViewModel.swift in Sources */,
				5236FF9425CDCA3F00845300 /* UIView+Ext.swift in Sources */,
				5236FF9E25CDE5A800845300 /* MusicCell.swift in Sources */,
				5236FFA225CED6F200845300 /* ChatViewController.swift in Sources */,
				521A056825C9F674007F86A0 /* LoginTextFieldStyle.swift in Sources */,
				5236FF7C25CDA73400845300 /* MainTabBarCoordinator.swift in Sources */,
				521A052225C74210007F86A0 /* GroupCoordinator.swift in Sources */,
				521A051325C73FE9007F86A0 /* FriendsViewController.swift in Sources */,
				521A055F25C9E892007F86A0 /* LoginButtonStyle.swift in Sources */,
				5236FF8825CDAF5800845300 /* NewGroupViewController.swift in Sources */,
				52B1C24F25CC388E0027C3E6 /* VKService.swift in Sources */,
				52B0F99825E41A4500010F9D /* ForgotPasswordCoordinator.swift in Sources */,
				5236FFBA25CFCD3600845300 /* NewFriendCoordinator.swift in Sources */,
				521A050225C73588007F86A0 /* AppCoordinator.swift in Sources */,
				5234BAB225CC22C300561E86 /* ServicesCoordinator.swift in Sources */,
				52A758A525D93F770051EB61 /* Playlist.swift in Sources */,
				5236FFB325CFCBC600845300 /* NewFriendViewController.swift in Sources */,
				5236FFA725CED99400845300 /* ChatCoordinator.swift in Sources */,
				52D1F4B425CC766F002AA1C9 /* SpotifyService.swift in Sources */,
				5236FF9925CDE01700845300 /* FriendCell.swift in Sources */,
				521A050C25C73673007F86A0 /* UIViewController+Ext.swift in Sources */,
				5236FFD925D0346900845300 /* User.swift in Sources */,
				52B5C58B25D69FF100961A4E /* SettingsViewController.swift in Sources */,
				5234BAB825CC230E00561E86 /* ServicesViewModel.swift in Sources */,
				5234BAA725CC166100561E86 /* LoginViewModel.swift in Sources */,
				52B0F99225E4199300010F9D /* ForgotPasswordViewController.swift in Sources */,
				5236FF9125CDC94700845300 /* GroupCell.swift in Sources */,
				521A054425C818F4007F86A0 /* TabBar+Ext.swift in Sources */,
				5234BAAA25CC173300561E86 /* RegisterCoordinator.swift in Sources */,
				521A051F25C741FF007F86A0 /* FriendsCoordinator.swift in Sources */,
				521A04EC25C73570007F86A0 /* AppDelegate.swift in Sources */,
				5236FF8D25CDC52000845300 /* NewGroupViewModel.swift in Sources */,
				52B5C59725D6A0E400961A4E /* SettingsViewModel.swift in Sources */,
				521A051925C73FFC007F86A0 /* MusicViewController.swift in Sources */,
				521A051025C73FDB007F86A0 /* ProfileViewController.swift in Sources */,
				521A056225C9E95A007F86A0 /* LoginCoordinator.swift in Sources */,
				52B5C59225D6A0BA00961A4E /* SettingsCoordinator.swift in Sources */,
				521A053025C757CC007F86A0 /* FriendsViewModel.swift in Sources */,
				52B5C59E25D6A99C00961A4E /* UserProfile.swift in Sources */,
				521A054725C85179007F86A0 /* Colors+Ext.swift in Sources */,
				52EDBF9B25DEE4E3002A141C /* TrackViewModel.swift in Sources */,
				5236FFD525D0342B00845300 /* APIManager.swift in Sources */,
				521A052525C7421F007F86A0 /* MusicCoordinator.swift in Sources */,
				52B5C5A525D6CC7800961A4E /* EditProfileViewController.swift in Sources */,
				5234BAAD25CC229600561E86 /* ServicesViewController.swift in Sources */,
				5234BAB525CC22E900561E86 /* RegisterViewModel.swift in Sources */,
				52B11CCF25DD7DDE00CFB829 /* MusicCellViewModel.swift in Sources */,
				521A052C25C757C2007F86A0 /* ProfileViewModel.swift in Sources */,
				5236FF8325CDAF1500845300 /* NewGroupCoordinator.swift in Sources */,
				5236FFAA25CED9C300845300 /* ChatViewModel.swift in Sources */,
				52B11CCC25DC1FA600CFB829 /* Track.swift in Sources */,
				521A04EE25C73570007F86A0 /* SceneDelegate.swift in Sources */,
				52EDBF9825DEE4BB002A141C /* TrackCoordinator.swift in Sources */,
				52B5C5A225D6C19F00961A4E /* SettingsCell.swift in Sources */,
			);
			runOnlyForDeploymentPostprocessing = 0;
		};
/* End PBXSourcesBuildPhase section */

/* Begin PBXVariantGroup section */
		521A04F125C73570007F86A0 /* Main.storyboard */ = {
			isa = PBXVariantGroup;
			children = (
				521A04F225C73570007F86A0 /* Base */,
			);
			name = Main.storyboard;
			sourceTree = "<group>";
		};
		521A04F625C73573007F86A0 /* LaunchScreen.storyboard */ = {
			isa = PBXVariantGroup;
			children = (
				521A04F725C73573007F86A0 /* Base */,
			);
			name = LaunchScreen.storyboard;
			sourceTree = "<group>";
		};
/* End PBXVariantGroup section */

/* Begin XCBuildConfiguration section */
		521A04FA25C73573007F86A0 /* Debug */ = {
			isa = XCBuildConfiguration;
			buildSettings = {
				ALWAYS_SEARCH_USER_PATHS = NO;
				CLANG_ANALYZER_NONNULL = YES;
				CLANG_ANALYZER_NUMBER_OBJECT_CONVERSION = YES_AGGRESSIVE;
				CLANG_CXX_LANGUAGE_STANDARD = "gnu++14";
				CLANG_CXX_LIBRARY = "libc++";
				CLANG_ENABLE_MODULES = YES;
				CLANG_ENABLE_OBJC_ARC = YES;
				CLANG_ENABLE_OBJC_WEAK = YES;
				CLANG_WARN_BLOCK_CAPTURE_AUTORELEASING = YES;
				CLANG_WARN_BOOL_CONVERSION = YES;
				CLANG_WARN_COMMA = YES;
				CLANG_WARN_CONSTANT_CONVERSION = YES;
				CLANG_WARN_DEPRECATED_OBJC_IMPLEMENTATIONS = YES;
				CLANG_WARN_DIRECT_OBJC_ISA_USAGE = YES_ERROR;
				CLANG_WARN_DOCUMENTATION_COMMENTS = YES;
				CLANG_WARN_EMPTY_BODY = YES;
				CLANG_WARN_ENUM_CONVERSION = YES;
				CLANG_WARN_INFINITE_RECURSION = YES;
				CLANG_WARN_INT_CONVERSION = YES;
				CLANG_WARN_NON_LITERAL_NULL_CONVERSION = YES;
				CLANG_WARN_OBJC_IMPLICIT_RETAIN_SELF = YES;
				CLANG_WARN_OBJC_LITERAL_CONVERSION = YES;
				CLANG_WARN_OBJC_ROOT_CLASS = YES_ERROR;
				CLANG_WARN_QUOTED_INCLUDE_IN_FRAMEWORK_HEADER = YES;
				CLANG_WARN_RANGE_LOOP_ANALYSIS = YES;
				CLANG_WARN_STRICT_PROTOTYPES = YES;
				CLANG_WARN_SUSPICIOUS_MOVE = YES;
				CLANG_WARN_UNGUARDED_AVAILABILITY = YES_AGGRESSIVE;
				CLANG_WARN_UNREACHABLE_CODE = YES;
				CLANG_WARN__DUPLICATE_METHOD_MATCH = YES;
				COPY_PHASE_STRIP = NO;
				DEBUG_INFORMATION_FORMAT = dwarf;
				ENABLE_STRICT_OBJC_MSGSEND = YES;
				ENABLE_TESTABILITY = YES;
				GCC_C_LANGUAGE_STANDARD = gnu11;
				GCC_DYNAMIC_NO_PIC = NO;
				GCC_NO_COMMON_BLOCKS = YES;
				GCC_OPTIMIZATION_LEVEL = 0;
				GCC_PREPROCESSOR_DEFINITIONS = (
					"DEBUG=1",
					"$(inherited)",
				);
				GCC_WARN_64_TO_32_BIT_CONVERSION = YES;
				GCC_WARN_ABOUT_RETURN_TYPE = YES_ERROR;
				GCC_WARN_UNDECLARED_SELECTOR = YES;
				GCC_WARN_UNINITIALIZED_AUTOS = YES_AGGRESSIVE;
				GCC_WARN_UNUSED_FUNCTION = YES;
				GCC_WARN_UNUSED_VARIABLE = YES;
				IPHONEOS_DEPLOYMENT_TARGET = 14.2;
				MTL_ENABLE_DEBUG_INFO = INCLUDE_SOURCE;
				MTL_FAST_MATH = YES;
				ONLY_ACTIVE_ARCH = YES;
				SDKROOT = iphoneos;
				SWIFT_ACTIVE_COMPILATION_CONDITIONS = DEBUG;
				SWIFT_OBJC_BRIDGING_HEADER = "Harmony-Bridging-Header.h";
				SWIFT_OPTIMIZATION_LEVEL = "-Onone";
				SWIFT_PRECOMPILE_BRIDGING_HEADER = NO;
			};
			name = Debug;
		};
		521A04FB25C73573007F86A0 /* Release */ = {
			isa = XCBuildConfiguration;
			buildSettings = {
				ALWAYS_SEARCH_USER_PATHS = NO;
				CLANG_ANALYZER_NONNULL = YES;
				CLANG_ANALYZER_NUMBER_OBJECT_CONVERSION = YES_AGGRESSIVE;
				CLANG_CXX_LANGUAGE_STANDARD = "gnu++14";
				CLANG_CXX_LIBRARY = "libc++";
				CLANG_ENABLE_MODULES = YES;
				CLANG_ENABLE_OBJC_ARC = YES;
				CLANG_ENABLE_OBJC_WEAK = YES;
				CLANG_WARN_BLOCK_CAPTURE_AUTORELEASING = YES;
				CLANG_WARN_BOOL_CONVERSION = YES;
				CLANG_WARN_COMMA = YES;
				CLANG_WARN_CONSTANT_CONVERSION = YES;
				CLANG_WARN_DEPRECATED_OBJC_IMPLEMENTATIONS = YES;
				CLANG_WARN_DIRECT_OBJC_ISA_USAGE = YES_ERROR;
				CLANG_WARN_DOCUMENTATION_COMMENTS = YES;
				CLANG_WARN_EMPTY_BODY = YES;
				CLANG_WARN_ENUM_CONVERSION = YES;
				CLANG_WARN_INFINITE_RECURSION = YES;
				CLANG_WARN_INT_CONVERSION = YES;
				CLANG_WARN_NON_LITERAL_NULL_CONVERSION = YES;
				CLANG_WARN_OBJC_IMPLICIT_RETAIN_SELF = YES;
				CLANG_WARN_OBJC_LITERAL_CONVERSION = YES;
				CLANG_WARN_OBJC_ROOT_CLASS = YES_ERROR;
				CLANG_WARN_QUOTED_INCLUDE_IN_FRAMEWORK_HEADER = YES;
				CLANG_WARN_RANGE_LOOP_ANALYSIS = YES;
				CLANG_WARN_STRICT_PROTOTYPES = YES;
				CLANG_WARN_SUSPICIOUS_MOVE = YES;
				CLANG_WARN_UNGUARDED_AVAILABILITY = YES_AGGRESSIVE;
				CLANG_WARN_UNREACHABLE_CODE = YES;
				CLANG_WARN__DUPLICATE_METHOD_MATCH = YES;
				COPY_PHASE_STRIP = NO;
				DEBUG_INFORMATION_FORMAT = "dwarf-with-dsym";
				ENABLE_NS_ASSERTIONS = NO;
				ENABLE_STRICT_OBJC_MSGSEND = YES;
				GCC_C_LANGUAGE_STANDARD = gnu11;
				GCC_NO_COMMON_BLOCKS = YES;
				GCC_WARN_64_TO_32_BIT_CONVERSION = YES;
				GCC_WARN_ABOUT_RETURN_TYPE = YES_ERROR;
				GCC_WARN_UNDECLARED_SELECTOR = YES;
				GCC_WARN_UNINITIALIZED_AUTOS = YES_AGGRESSIVE;
				GCC_WARN_UNUSED_FUNCTION = YES;
				GCC_WARN_UNUSED_VARIABLE = YES;
				IPHONEOS_DEPLOYMENT_TARGET = 14.2;
				MTL_ENABLE_DEBUG_INFO = NO;
				MTL_FAST_MATH = YES;
				SDKROOT = iphoneos;
				SWIFT_COMPILATION_MODE = wholemodule;
				SWIFT_OBJC_BRIDGING_HEADER = "Harmony-Bridging-Header.h";
				SWIFT_OPTIMIZATION_LEVEL = "-O";
				SWIFT_PRECOMPILE_BRIDGING_HEADER = NO;
				VALIDATE_PRODUCT = YES;
			};
			name = Release;
		};
		521A04FD25C73573007F86A0 /* Debug */ = {
			isa = XCBuildConfiguration;
			baseConfigurationReference = 0F7D604D3479CC33EE99EF88 /* Pods-Harmony.debug.xcconfig */;
			buildSettings = {
				ASSETCATALOG_COMPILER_APPICON_NAME = AppIcon;
				ASSETCATALOG_COMPILER_GLOBAL_ACCENT_COLOR_NAME = AccentColor;
				CODE_SIGN_STYLE = Automatic;
				DEVELOPMENT_TEAM = RWU4M8Y9HU;
				FRAMEWORK_SEARCH_PATHS = (
					"$(inherited)",
					"$(PROJECT_DIR)/Harmony",
				);
				INFOPLIST_FILE = Harmony/Info.plist;
				IPHONEOS_DEPLOYMENT_TARGET = 14.4;
				LD_RUNPATH_SEARCH_PATHS = (
					"$(inherited)",
					"@executable_path/Frameworks",
				);
				OTHER_LDFLAGS = "-ObjC";
				PRODUCT_BUNDLE_IDENTIFIER = com.Kostatyyy.Harmony;
				PRODUCT_NAME = "$(TARGET_NAME)";
				SWIFT_OBJC_BRIDGING_HEADER = "/Users/macbookpro/Desktop/Harmony/Harmony/Harmony-Bridging-Header.h";
				SWIFT_PRECOMPILE_BRIDGING_HEADER = YES;
				SWIFT_VERSION = 5.0;
				TARGETED_DEVICE_FAMILY = "1,2";
			};
			name = Debug;
		};
		521A04FE25C73573007F86A0 /* Release */ = {
			isa = XCBuildConfiguration;
			baseConfigurationReference = 14418CAD8F75E6B348133192 /* Pods-Harmony.release.xcconfig */;
			buildSettings = {
				ASSETCATALOG_COMPILER_APPICON_NAME = AppIcon;
				ASSETCATALOG_COMPILER_GLOBAL_ACCENT_COLOR_NAME = AccentColor;
				CODE_SIGN_STYLE = Automatic;
				DEVELOPMENT_TEAM = RWU4M8Y9HU;
				FRAMEWORK_SEARCH_PATHS = (
					"$(inherited)",
					"$(PROJECT_DIR)/Harmony",
				);
				INFOPLIST_FILE = Harmony/Info.plist;
				IPHONEOS_DEPLOYMENT_TARGET = 14.4;
				LD_RUNPATH_SEARCH_PATHS = (
					"$(inherited)",
					"@executable_path/Frameworks",
				);
				OTHER_LDFLAGS = "-ObjC";
				PRODUCT_BUNDLE_IDENTIFIER = com.Kostatyyy.Harmony;
				PRODUCT_NAME = "$(TARGET_NAME)";
				SWIFT_OBJC_BRIDGING_HEADER = "/Users/macbookpro/Desktop/Harmony/Harmony/Harmony-Bridging-Header.h";
				SWIFT_PRECOMPILE_BRIDGING_HEADER = YES;
				SWIFT_VERSION = 5.0;
				TARGETED_DEVICE_FAMILY = "1,2";
			};
			name = Release;
		};
/* End XCBuildConfiguration section */

/* Begin XCConfigurationList section */
		521A04E325C73570007F86A0 /* Build configuration list for PBXProject "Harmony" */ = {
			isa = XCConfigurationList;
			buildConfigurations = (
				521A04FA25C73573007F86A0 /* Debug */,
				521A04FB25C73573007F86A0 /* Release */,
			);
			defaultConfigurationIsVisible = 0;
			defaultConfigurationName = Release;
		};
		521A04FC25C73573007F86A0 /* Build configuration list for PBXNativeTarget "Harmony" */ = {
			isa = XCConfigurationList;
			buildConfigurations = (
				521A04FD25C73573007F86A0 /* Debug */,
				521A04FE25C73573007F86A0 /* Release */,
			);
			defaultConfigurationIsVisible = 0;
			defaultConfigurationName = Release;
		};
/* End XCConfigurationList section */
	};
	rootObject = 521A04E025C73570007F86A0 /* Project object */;
}
